{
  "requires": true,
  "lockfileVersion": 1,
  "dependencies": {
    "angular2": {
      "version": "2.0.0-alpha.44",
      "resolved": "https://registry.npmjs.org/angular2/-/angular2-2.0.0-alpha.44.tgz",
      "integrity": "sha1-nnCiOl8tfq0hNPHR/VCXaHnSdNs=",
      "requires": {
        "@reactivex/rxjs": "5.0.0-alpha.4",
        "reflect-metadata": "0.1.1",
        "zone.js": "0.5.8"
      },
      "dependencies": {
        "@reactivex/rxjs": {
          "version": "5.0.0-alpha.4",
          "resolved": "https://registry.npmjs.org/@reactivex/rxjs/-/rxjs-5.0.0-alpha.4.tgz",
          "integrity": "sha1-2/mLITnyaQjvjDa01G3Ka9kA4+w="
        },
        "reflect-metadata": {
          "version": "0.1.1",
          "resolved": "https://registry.npmjs.org/reflect-metadata/-/reflect-metadata-0.1.1.tgz",
          "integrity": "sha1-S8lZ1a6Ee6cjJMA6qOLqxbKhH9Q="
        },
        "zone.js": {
          "version": "0.5.8",
          "resolved": "https://registry.npmjs.org/zone.js/-/zone.js-0.5.8.tgz",
          "integrity": "sha1-SXez0nMmWXD5flriiiolxhmycFw=",
          "requires": {
            "es6-promise": "3.0.2"
          },
          "dependencies": {
            "es6-promise": {
              "version": "3.0.2",
              "resolved": "https://registry.npmjs.org/es6-promise/-/es6-promise-3.0.2.tgz",
              "integrity": "sha1-AQ1YWEI6XxGJeWZfRkhqlcbuK7Y="
            }
          }
        }
      }
    },
    "systemjs": {
      "version": "0.19.2",
      "resolved": "https://registry.npmjs.org/systemjs/-/systemjs-0.19.2.tgz",
      "integrity": "sha1-YSvVG7QBUgEN5hv2uLHOvawd9l0=",
      "requires": {
        "es6-module-loader": "0.17.8",
        "when": "3.7.4"
      },
      "dependencies": {
        "es6-module-loader": {
          "version": "0.17.8",
          "resolved": "https://registry.npmjs.org/es6-module-loader/-/es6-module-loader-0.17.8.tgz",
          "integrity": "sha1-LU6fz2MLb7zGCDwvfWwTZEd8pcU=",
          "requires": {
            "when": "3.7.4"
          }
        },
        "when": {
          "version": "3.7.4",
          "resolved": "https://registry.npmjs.org/when/-/when-3.7.4.tgz",
          "integrity": "sha1-hTcfK0ut8/cS+Cehjn3POPU4xhw="
        }
      }
    }
  }
}
